
Microsoft Visual Studio Solution File, Format Version 12.00
# Visual Studio Version 16
VisualStudioVersion = 16.0.30330.147
MinimumVisualStudioVersion = 10.0.40219.1
Project("{FAE04EC0-301F-11D3-BF4B-00C04F79EFBC}") = "Assignment2_N01414439", "Assignment2_N01414439\Assignment2_N01414439.csproj", "{562C7B48-1F6B-4F75-9273-500B4D929A3E}"
EndProject
Global
	GlobalSection(SolutionConfigurationPlatforms) = preSolution
		Debug|Any CPU = Debug|Any CPU
		Release|Any CPU = Release|Any CPU
	EndGlobalSection
	GlobalSection(ProjectConfigurationPlatforms) = postSolution
		{562C7B48-1F6B-4F75-9273-500B4D929A3E}.Debug|Any CPU.ActiveCfg = Debug|Any CPU
		{562C7B48-1F6B-4F75-9273-500B4D929A3E}.Debug|Any CPU.Build.0 = Debug|Any CPU
		{562C7B48-1F6B-4F75-9273-500B4D929A3E}.Release|Any CPU.ActiveCfg = Release|Any CPU
		{562C7B48-1F6B-4F75-9273-500B4D929A3E}.Release|Any CPU.Build.0 = Release|Any CPU
	EndGlobalSection
	GlobalSection(SolutionProperties) = preSolution
		HideSolutionNode = FALSE
	EndGlobalSection
	GlobalSection(ExtensibilityGlobals) = postSolution
		SolutionGuid = {8FF1C3C4-F5B9-4855-9BA5-EEF710379F97}
	EndGlobalSection
EndGlobal
